
Microsoft Visual Studio Solution File, Format Version 12.00
# Visual Studio Version 16
VisualStudioVersion = 16.0.31729.503
MinimumVisualStudioVersion = 10.0.40219.1
Project("{FAE04EC0-301F-11D3-BF4B-00C04F79EFBC}") = "ArcGauge2", "ArcGauge2\ArcGauge2.csproj", "{FE9A30EF-E860-4EAC-9AAB-85A87E5EDA4B}"
EndProject
Global
	GlobalSection(SolutionConfigurationPlatforms) = preSolution
		Debug|Any CPU = Debug|Any CPU
		Release|Any CPU = Release|Any CPU
	EndGlobalSection
	GlobalSection(ProjectConfigurationPlatforms) = postSolution
		{FE9A30EF-E860-4EAC-9AAB-85A87E5EDA4B}.Debug|Any CPU.ActiveCfg = Debug|Any CPU
		{FE9A30EF-E860-4EAC-9AAB-85A87E5EDA4B}.Debug|Any CPU.Build.0 = Debug|Any CPU
		{FE9A30EF-E860-4EAC-9AAB-85A87E5EDA4B}.Release|Any CPU.ActiveCfg = Release|Any CPU
		{FE9A30EF-E860-4EAC-9AAB-85A87E5EDA4B}.Release|Any CPU.Build.0 = Release|Any CPU
	EndGlobalSection
	GlobalSection(SolutionProperties) = preSolution
		HideSolutionNode = FALSE
	EndGlobalSection
	GlobalSection(ExtensibilityGlobals) = postSolution
		SolutionGuid = {B965FAAA-65AE-41A9-9D0A-DCE0150A752E}
	EndGlobalSection
EndGlobal
